// !$*UTF8*$!
{
	archiveVersion = 1;
	classes = {
	};
	objectVersion = 46;
	objects = {

/* Begin PBXBuildFile section */
		BD2CA75F19766B9900C04143 /* MARManipulationMenu.m in Sources */ = {isa = PBXBuildFile; fileRef = BD2CA75E19766B9900C04143 /* MARManipulationMenu.m */; };
		BD4BA06219762D7200AF69B0 /* MARWindowMenu.m in Sources */ = {isa = PBXBuildFile; fileRef = BD4BA06119762D7200AF69B0 /* MARWindowMenu.m */; };
		BDEBC77519744AD400DE2783 /* MARMenuItem.m in Sources */ = {isa = PBXBuildFile; fileRef = BDEBC77419744AD400DE2783 /* MARMenuItem.m */; };
		BDEBC77E19750E9800DE2783 /* CodaManager.m in Sources */ = {isa = PBXBuildFile; fileRef = BDEBC77D19750E9800DE2783 /* CodaManager.m */; };
		BDEBC78119750EA500DE2783 /* MarvinManager.m in Sources */ = {isa = PBXBuildFile; fileRef = BDEBC78019750EA500DE2783 /* MarvinManager.m */; };
		BDEBC785197510FA00DE2783 /* MARSelectionMenu.m in Sources */ = {isa = PBXBuildFile; fileRef = BDEBC784197510FA00DE2783 /* MARSelectionMenu.m */; };
		BDEBC78C1975346C00DE2783 /* NSString+Reverse.m in Sources */ = {isa = PBXBuildFile; fileRef = BDEBC78B1975346C00DE2783 /* NSString+Reverse.m */; };
		BDF772D21973C2F600C20E5A /* Cocoa.framework in Frameworks */ = {isa = PBXBuildFile; fileRef = BDF772D11973C2F600C20E5A /* Cocoa.framework */; };
		BDF772DC1973C2F600C20E5A /* InfoPlist.strings in Resources */ = {isa = PBXBuildFile; fileRef = BDF772DA1973C2F600C20E5A /* InfoPlist.strings */; };
		BDF772ED1973CBC900C20E5A /* MarvinPlugIn.m in Sources */ = {isa = PBXBuildFile; fileRef = BDF772EB1973CBC900C20E5A /* MarvinPlugIn.m */; };
/* End PBXBuildFile section */

/* Begin PBXFileReference section */
		BD2CA75D19766B9900C04143 /* MARManipulationMenu.h */ = {isa = PBXFileReference; fileEncoding = 4; lastKnownFileType = sourcecode.c.h; path = MARManipulationMenu.h; sourceTree = "<group>"; };
		BD2CA75E19766B9900C04143 /* MARManipulationMenu.m */ = {isa = PBXFileReference; fileEncoding = 4; lastKnownFileType = sourcecode.c.objc; path = MARManipulationMenu.m; sourceTree = "<group>"; };
		BD4BA06019762D7200AF69B0 /* MARWindowMenu.h */ = {isa = PBXFileReference; fileEncoding = 4; lastKnownFileType = sourcecode.c.h; path = MARWindowMenu.h; sourceTree = "<group>"; };
		BD4BA06119762D7200AF69B0 /* MARWindowMenu.m */ = {isa = PBXFileReference; fileEncoding = 4; lastKnownFileType = sourcecode.c.objc; path = MARWindowMenu.m; sourceTree = "<group>"; };
		BD7EBDC8197C3F6E001613E2 /* Coda2.h */ = {isa = PBXFileReference; fileEncoding = 4; lastKnownFileType = sourcecode.c.h; path = Coda2.h; sourceTree = "<group>"; };
		BD7EBDC9197C3F76001613E2 /* SystemEvents.h */ = {isa = PBXFileReference; lastKnownFileType = sourcecode.c.h; path = SystemEvents.h; sourceTree = "<group>"; };
		BDEBC77319744AD400DE2783 /* MARMenuItem.h */ = {isa = PBXFileReference; fileEncoding = 4; lastKnownFileType = sourcecode.c.h; path = MARMenuItem.h; sourceTree = "<group>"; };
		BDEBC77419744AD400DE2783 /* MARMenuItem.m */ = {isa = PBXFileReference; fileEncoding = 4; lastKnownFileType = sourcecode.c.objc; path = MARMenuItem.m; sourceTree = "<group>"; };
		BDEBC77C19750E9800DE2783 /* CodaManager.h */ = {isa = PBXFileReference; fileEncoding = 4; lastKnownFileType = sourcecode.c.h; path = CodaManager.h; sourceTree = "<group>"; };
		BDEBC77D19750E9800DE2783 /* CodaManager.m */ = {isa = PBXFileReference; fileEncoding = 4; lastKnownFileType = sourcecode.c.objc; path = CodaManager.m; sourceTree = "<group>"; };
		BDEBC77F19750EA500DE2783 /* MarvinManager.h */ = {isa = PBXFileReference; fileEncoding = 4; lastKnownFileType = sourcecode.c.h; path = MarvinManager.h; sourceTree = "<group>"; };
		BDEBC78019750EA500DE2783 /* MarvinManager.m */ = {isa = PBXFileReference; fileEncoding = 4; lastKnownFileType = sourcecode.c.objc; path = MarvinManager.m; sourceTree = "<group>"; };
		BDEBC783197510FA00DE2783 /* MARSelectionMenu.h */ = {isa = PBXFileReference; fileEncoding = 4; lastKnownFileType = sourcecode.c.h; path = MARSelectionMenu.h; sourceTree = "<group>"; };
		BDEBC784197510FA00DE2783 /* MARSelectionMenu.m */ = {isa = PBXFileReference; fileEncoding = 4; lastKnownFileType = sourcecode.c.objc; path = MARSelectionMenu.m; sourceTree = "<group>"; };
		BDEBC78A1975346C00DE2783 /* NSString+Reverse.h */ = {isa = PBXFileReference; fileEncoding = 4; lastKnownFileType = sourcecode.c.h; path = "NSString+Reverse.h"; sourceTree = "<group>"; };
		BDEBC78B1975346C00DE2783 /* NSString+Reverse.m */ = {isa = PBXFileReference; fileEncoding = 4; lastKnownFileType = sourcecode.c.objc; path = "NSString+Reverse.m"; sourceTree = "<group>"; };
		BDF772CE1973C2F600C20E5A /* Marvin.codaplugin */ = {isa = PBXFileReference; explicitFileType = wrapper.cfbundle; includeInIndex = 0; path = Marvin.codaplugin; sourceTree = BUILT_PRODUCTS_DIR; };
		BDF772D11973C2F600C20E5A /* Cocoa.framework */ = {isa = PBXFileReference; lastKnownFileType = wrapper.framework; name = Cocoa.framework; path = System/Library/Frameworks/Cocoa.framework; sourceTree = SDKROOT; };
		BDF772D41973C2F600C20E5A /* Foundation.framework */ = {isa = PBXFileReference; lastKnownFileType = wrapper.framework; name = Foundation.framework; path = System/Library/Frameworks/Foundation.framework; sourceTree = SDKROOT; };
		BDF772D51973C2F600C20E5A /* CoreData.framework */ = {isa = PBXFileReference; lastKnownFileType = wrapper.framework; name = CoreData.framework; path = System/Library/Frameworks/CoreData.framework; sourceTree = SDKROOT; };
		BDF772D61973C2F600C20E5A /* AppKit.framework */ = {isa = PBXFileReference; lastKnownFileType = wrapper.framework; name = AppKit.framework; path = System/Library/Frameworks/AppKit.framework; sourceTree = SDKROOT; };
		BDF772D91973C2F600C20E5A /* Marvin-Info.plist */ = {isa = PBXFileReference; lastKnownFileType = text.plist.xml; path = "Marvin-Info.plist"; sourceTree = "<group>"; };
		BDF772DB1973C2F600C20E5A /* en */ = {isa = PBXFileReference; lastKnownFileType = text.plist.strings; name = en; path = en.lproj/InfoPlist.strings; sourceTree = "<group>"; };
		BDF772DD1973C2F600C20E5A /* Marvin-Prefix.pch */ = {isa = PBXFileReference; lastKnownFileType = sourcecode.c.h; path = "Marvin-Prefix.pch"; sourceTree = "<group>"; };
		BDF772E31973C36C00C20E5A /* CodaPlugInsController.h */ = {isa = PBXFileReference; fileEncoding = 4; lastKnownFileType = sourcecode.c.h; path = CodaPlugInsController.h; sourceTree = "<group>"; };
		BDF772EA1973CBC900C20E5A /* MarvinPlugIn.h */ = {isa = PBXFileReference; fileEncoding = 4; lastKnownFileType = sourcecode.c.h; path = MarvinPlugIn.h; sourceTree = "<group>"; };
		BDF772EB1973CBC900C20E5A /* MarvinPlugIn.m */ = {isa = PBXFileReference; fileEncoding = 4; lastKnownFileType = sourcecode.c.objc; path = MarvinPlugIn.m; sourceTree = "<group>"; };
/* End PBXFileReference section */

/* Begin PBXFrameworksBuildPhase section */
		BDF772CB1973C2F600C20E5A /* Frameworks */ = {
			isa = PBXFrameworksBuildPhase;
			buildActionMask = 2147483647;
			files = (
				BDF772D21973C2F600C20E5A /* Cocoa.framework in Frameworks */,
			);
			runOnlyForDeploymentPostprocessing = 0;
		};
/* End PBXFrameworksBuildPhase section */

/* Begin PBXGroup section */
		BDEBC76E197449C900DE2783 /* Library */ = {
			isa = PBXGroup;
			children = (
				BDEBC7861975319A00DE2783 /* Categories */,
				BDEBC76F197449C900DE2783 /* Models */,
			);
			path = Library;
			sourceTree = "<group>";
		};
		BDEBC76F197449C900DE2783 /* Models */ = {
			isa = PBXGroup;
			children = (
				BDEBC77319744AD400DE2783 /* MARMenuItem.h */,
				BDEBC77419744AD400DE2783 /* MARMenuItem.m */,
			);
			path = Models;
			sourceTree = "<group>";
		};
		BDEBC7861975319A00DE2783 /* Categories */ = {
			isa = PBXGroup;
			children = (
				BDEBC78A1975346C00DE2783 /* NSString+Reverse.h */,
				BDEBC78B1975346C00DE2783 /* NSString+Reverse.m */,
			);
			path = Categories;
			sourceTree = "<group>";
		};
		BDF772C31973C1EE00C20E5A = {
			isa = PBXGroup;
			children = (
				BDEBC76E197449C900DE2783 /* Library */,
				BDF772D01973C2F600C20E5A /* Frameworks */,
				BDF772D71973C2F600C20E5A /* Marvin */,
				BDF772CF1973C2F600C20E5A /* Products */,
				BDF772E81973CBC900C20E5A /* Source */,
				BDF772E21973C36C00C20E5A /* Vendor */,
			);
			sourceTree = "<group>";
		};
		BDF772CF1973C2F600C20E5A /* Products */ = {
			isa = PBXGroup;
			children = (
				BDF772CE1973C2F600C20E5A /* Marvin.codaplugin */,
			);
			name = Products;
			sourceTree = "<group>";
		};
		BDF772D01973C2F600C20E5A /* Frameworks */ = {
			isa = PBXGroup;
			children = (
				BDF772D11973C2F600C20E5A /* Cocoa.framework */,
				BDF772D31973C2F600C20E5A /* Other Frameworks */,
			);
			name = Frameworks;
			sourceTree = "<group>";
		};
		BDF772D31973C2F600C20E5A /* Other Frameworks */ = {
			isa = PBXGroup;
			children = (
				BDF772D41973C2F600C20E5A /* Foundation.framework */,
				BDF772D51973C2F600C20E5A /* CoreData.framework */,
				BDF772D61973C2F600C20E5A /* AppKit.framework */,
			);
			name = "Other Frameworks";
			sourceTree = "<group>";
		};
		BDF772D71973C2F600C20E5A /* Marvin */ = {
			isa = PBXGroup;
			children = (
				BDF772D81973C2F600C20E5A /* Supporting Files */,
			);
			path = Marvin;
			sourceTree = "<group>";
		};
		BDF772D81973C2F600C20E5A /* Supporting Files */ = {
			isa = PBXGroup;
			children = (
				BDF772D91973C2F600C20E5A /* Marvin-Info.plist */,
				BDF772DA1973C2F600C20E5A /* InfoPlist.strings */,
				BDF772DD1973C2F600C20E5A /* Marvin-Prefix.pch */,
			);
			name = "Supporting Files";
			sourceTree = "<group>";
		};
		BDF772E21973C36C00C20E5A /* Vendor */ = {
			isa = PBXGroup;
			children = (
				BD7EBDC9197C3F76001613E2 /* SystemEvents.h */,
				BD7EBDC8197C3F6E001613E2 /* Coda2.h */,
				BDF772E31973C36C00C20E5A /* CodaPlugInsController.h */,
			);
			path = Vendor;
			sourceTree = "<group>";
		};
		BDF772E81973CBC900C20E5A /* Source */ = {
			isa = PBXGroup;
			children = (
				BDF772E91973CBC900C20E5A /* Controllers */,
				BDF772EC1973CBC900C20E5A /* Models */,
			);
			path = Source;
			sourceTree = "<group>";
		};
		BDF772E91973CBC900C20E5A /* Controllers */ = {
			isa = PBXGroup;
			children = (
				BDEBC77C19750E9800DE2783 /* CodaManager.h */,
				BDEBC77D19750E9800DE2783 /* CodaManager.m */,
				BDEBC77F19750EA500DE2783 /* MarvinManager.h */,
				BDEBC78019750EA500DE2783 /* MarvinManager.m */,
				BDF772EA1973CBC900C20E5A /* MarvinPlugIn.h */,
				BDF772EB1973CBC900C20E5A /* MarvinPlugIn.m */,
			);
			path = Controllers;
			sourceTree = "<group>";
		};
		BDF772EC1973CBC900C20E5A /* Models */ = {
			isa = PBXGroup;
			children = (
				BDEBC783197510FA00DE2783 /* MARSelectionMenu.h */,
				BD2CA75D19766B9900C04143 /* MARManipulationMenu.h */,
				BD2CA75E19766B9900C04143 /* MARManipulationMenu.m */,
				BDEBC784197510FA00DE2783 /* MARSelectionMenu.m */,
				BD4BA06019762D7200AF69B0 /* MARWindowMenu.h */,
				BD4BA06119762D7200AF69B0 /* MARWindowMenu.m */,
			);
			path = Models;
			sourceTree = "<group>";
		};
/* End PBXGroup section */

/* Begin PBXNativeTarget section */
		BDF772CD1973C2F600C20E5A /* Marvin */ = {
			isa = PBXNativeTarget;
			buildConfigurationList = BDF772E01973C2F600C20E5A /* Build configuration list for PBXNativeTarget "Marvin" */;
			buildPhases = (
				BDF772CA1973C2F600C20E5A /* Sources */,
				BDF772CB1973C2F600C20E5A /* Frameworks */,
				BDF772CC1973C2F600C20E5A /* Resources */,
				BDF772E71973C6E700C20E5A /* ShellScript */,
			);
			buildRules = (
			);
			dependencies = (
			);
			name = Marvin;
			productName = Marvin;
			productReference = BDF772CE1973C2F600C20E5A /* Marvin.codaplugin */;
			productType = "com.apple.product-type.bundle";
		};
/* End PBXNativeTarget section */

/* Begin PBXProject section */
		BDF772C41973C1EE00C20E5A /* Project object */ = {
			isa = PBXProject;
			attributes = {
				LastUpgradeCheck = 0510;
			};
			buildConfigurationList = BDF772C71973C1EE00C20E5A /* Build configuration list for PBXProject "Marvin" */;
			compatibilityVersion = "Xcode 3.2";
			developmentRegion = English;
			hasScannedForEncodings = 0;
			knownRegions = (
				en,
			);
			mainGroup = BDF772C31973C1EE00C20E5A;
			productRefGroup = BDF772CF1973C2F600C20E5A /* Products */;
			projectDirPath = "";
			projectRoot = "";
			targets = (
				BDF772CD1973C2F600C20E5A /* Marvin */,
			);
		};
/* End PBXProject section */

/* Begin PBXResourcesBuildPhase section */
		BDF772CC1973C2F600C20E5A /* Resources */ = {
			isa = PBXResourcesBuildPhase;
			buildActionMask = 2147483647;
			files = (
				BDF772DC1973C2F600C20E5A /* InfoPlist.strings in Resources */,
			);
			runOnlyForDeploymentPostprocessing = 0;
		};
/* End PBXResourcesBuildPhase section */

/* Begin PBXShellScriptBuildPhase section */
		BDF772E71973C6E700C20E5A /* ShellScript */ = {
			isa = PBXShellScriptBuildPhase;
			buildActionMask = 2147483647;
			files = (
			);
			inputPaths = (
			);
			outputPaths = (
			);
			runOnlyForDeploymentPostprocessing = 0;
			shellPath = /bin/sh;
			shellScript = "if [ $INSTALL_PLUGIN == 1 ]; then\nDEST=\"$USER_LIBRARY_DIR/Application Support/Coda 2/Plug-ins/$FULL_PRODUCT_NAME\"\nORG=\"$TARGET_BUILD_DIR/$FULL_PRODUCT_NAME\"\nrm -rf \"$DEST\"\nmv \"$ORG\" \"$DEST\"\nfi\n";
		};
/* End PBXShellScriptBuildPhase section */

/* Begin PBXSourcesBuildPhase section */
		BDF772CA1973C2F600C20E5A /* Sources */ = {
			isa = PBXSourcesBuildPhase;
			buildActionMask = 2147483647;
			files = (
				BDEBC785197510FA00DE2783 /* MARSelectionMenu.m in Sources */,
				BDEBC77E19750E9800DE2783 /* CodaManager.m in Sources */,
				BDEBC77519744AD400DE2783 /* MARMenuItem.m in Sources */,
				BD4BA06219762D7200AF69B0 /* MARWindowMenu.m in Sources */,
				BDEBC78119750EA500DE2783 /* MarvinManager.m in Sources */,
				BDEBC78C1975346C00DE2783 /* NSString+Reverse.m in Sources */,
				BD2CA75F19766B9900C04143 /* MARManipulationMenu.m in Sources */,
				BDF772ED1973CBC900C20E5A /* MarvinPlugIn.m in Sources */,
			);
			runOnlyForDeploymentPostprocessing = 0;
		};
/* End PBXSourcesBuildPhase section */

/* Begin PBXVariantGroup section */
		BDF772DA1973C2F600C20E5A /* InfoPlist.strings */ = {
			isa = PBXVariantGroup;
			children = (
				BDF772DB1973C2F600C20E5A /* en */,
			);
			name = InfoPlist.strings;
			sourceTree = "<group>";
		};
/* End PBXVariantGroup section */

/* Begin XCBuildConfiguration section */
		BDF772C81973C1EE00C20E5A /* Debug */ = {
			isa = XCBuildConfiguration;
			buildSettings = {
			};
			name = Debug;
		};
		BDF772C91973C1EE00C20E5A /* Release */ = {
			isa = XCBuildConfiguration;
			buildSettings = {
			};
			name = Release;
		};
		BDF772DE1973C2F600C20E5A /* Debug */ = {
			isa = XCBuildConfiguration;
			buildSettings = {
				ALWAYS_SEARCH_USER_PATHS = NO;
				CLANG_CXX_LANGUAGE_STANDARD = "gnu++0x";
				CLANG_CXX_LIBRARY = "libc++";
				CLANG_ENABLE_MODULES = YES;
				CLANG_ENABLE_OBJC_ARC = YES;
				CLANG_WARN_BOOL_CONVERSION = YES;
				CLANG_WARN_CONSTANT_CONVERSION = YES;
				CLANG_WARN_DIRECT_OBJC_ISA_USAGE = YES_ERROR;
				CLANG_WARN_EMPTY_BODY = YES;
				CLANG_WARN_ENUM_CONVERSION = YES;
				CLANG_WARN_INT_CONVERSION = YES;
				CLANG_WARN_OBJC_ROOT_CLASS = YES_ERROR;
				CLANG_WARN__DUPLICATE_METHOD_MATCH = YES;
				COMBINE_HIDPI_IMAGES = YES;
				COPY_PHASE_STRIP = NO;
				GCC_C_LANGUAGE_STANDARD = gnu99;
				GCC_DYNAMIC_NO_PIC = NO;
				GCC_ENABLE_OBJC_EXCEPTIONS = YES;
				GCC_OPTIMIZATION_LEVEL = 0;
				GCC_PRECOMPILE_PREFIX_HEADER = YES;
				GCC_PREFIX_HEADER = "Marvin/Marvin-Prefix.pch";
				GCC_PREPROCESSOR_DEFINITIONS = (
					"DEBUG=1",
					"$(inherited)",
				);
				GCC_SYMBOLS_PRIVATE_EXTERN = NO;
				GCC_WARN_64_TO_32_BIT_CONVERSION = YES;
				GCC_WARN_ABOUT_RETURN_TYPE = YES_ERROR;
				GCC_WARN_UNDECLARED_SELECTOR = YES;
				GCC_WARN_UNINITIALIZED_AUTOS = YES_AGGRESSIVE;
				GCC_WARN_UNUSED_FUNCTION = YES;
				GCC_WARN_UNUSED_VARIABLE = YES;
				INFOPLIST_FILE = "Marvin/Marvin-Info.plist";
				INSTALL_PATH = "$(LOCAL_LIBRARY_DIR)/Bundles";
				INSTALL_PLUGIN = 1;
				MACOSX_DEPLOYMENT_TARGET = 10.9;
				ONLY_ACTIVE_ARCH = YES;
				PRODUCT_NAME = "$(TARGET_NAME)";
				SDKROOT = macosx;
				WRAPPER_EXTENSION = codaplugin;
			};
			name = Debug;
		};
		BDF772DF1973C2F600C20E5A /* Release */ = {
			isa = XCBuildConfiguration;
			buildSettings = {
				ALWAYS_SEARCH_USER_PATHS = NO;
				CLANG_CXX_LANGUAGE_STANDARD = "gnu++0x";
				CLANG_CXX_LIBRARY = "libc++";
				CLANG_ENABLE_MODULES = YES;
				CLANG_ENABLE_OBJC_ARC = YES;
				CLANG_WARN_BOOL_CONVERSION = YES;
				CLANG_WARN_CONSTANT_CONVERSION = YES;
				CLANG_WARN_DIRECT_OBJC_ISA_USAGE = YES_ERROR;
				CLANG_WARN_EMPTY_BODY = YES;
				CLANG_WARN_ENUM_CONVERSION = YES;
				CLANG_WARN_INT_CONVERSION = YES;
				CLANG_WARN_OBJC_ROOT_CLASS = YES_ERROR;
				CLANG_WARN__DUPLICATE_METHOD_MATCH = YES;
				COMBINE_HIDPI_IMAGES = YES;
				COPY_PHASE_STRIP = YES;
				DEBUG_INFORMATION_FORMAT = "dwarf-with-dsym";
				ENABLE_NS_ASSERTIONS = NO;
				GCC_C_LANGUAGE_STANDARD = gnu99;
				GCC_ENABLE_OBJC_EXCEPTIONS = YES;
				GCC_PRECOMPILE_PREFIX_HEADER = YES;
				GCC_PREFIX_HEADER = "Marvin/Marvin-Prefix.pch";
				GCC_WARN_64_TO_32_BIT_CONVERSION = YES;
				GCC_WARN_ABOUT_RETURN_TYPE = YES_ERROR;
				GCC_WARN_UNDECLARED_SELECTOR = YES;
				GCC_WARN_UNINITIALIZED_AUTOS = YES_AGGRESSIVE;
				GCC_WARN_UNUSED_FUNCTION = YES;
				GCC_WARN_UNUSED_VARIABLE = YES;
				INFOPLIST_FILE = "Marvin/Marvin-Info.plist";
				INSTALL_PATH = "$(LOCAL_LIBRARY_DIR)/Bundles";
				INSTALL_PLUGIN = "";
				MACOSX_DEPLOYMENT_TARGET = 10.9;
				PRODUCT_NAME = "$(TARGET_NAME)";
				SDKROOT = macosx;
				WRAPPER_EXTENSION = codaplugin;
			};
			name = Release;
		};
/* End XCBuildConfiguration section */

/* Begin XCConfigurationList section */
		BDF772C71973C1EE00C20E5A /* Build configuration list for PBXProject "Marvin" */ = {
			isa = XCConfigurationList;
			buildConfigurations = (
				BDF772C81973C1EE00C20E5A /* Debug */,
				BDF772C91973C1EE00C20E5A /* Release */,
			);
			defaultConfigurationIsVisible = 0;
			defaultConfigurationName = Release;
		};
		BDF772E01973C2F600C20E5A /* Build configuration list for PBXNativeTarget "Marvin" */ = {
			isa = XCConfigurationList;
			buildConfigurations = (
				BDF772DE1973C2F600C20E5A /* Debug */,
				BDF772DF1973C2F600C20E5A /* Release */,
			);
			defaultConfigurationIsVisible = 0;
			defaultConfigurationName = Release;
		};
/* End XCConfigurationList section */
	};
	rootObject = BDF772C41973C1EE00C20E5A /* Project object */;
}
